// !$*UTF8*$!
{
	archiveVersion = 1;
	classes = {
	};
	objectVersion = 55;
	objects = {

/* Begin PBXBuildFile section */
		0C9E5CFD28F23BDB0001F2DF /* Game.swift in Sources */ = {isa = PBXBuildFile; fileRef = 0C9E5CFC28F23BDB0001F2DF /* Game.swift */; };
		0C9E5D0528F23C010001F2DF /* GameTests.swift in Sources */ = {isa = PBXBuildFile; fileRef = 0C9E5D0428F23C010001F2DF /* GameTests.swift */; };
		0C9E5D0E28F23E220001F2DF /* GameView.swift in Sources */ = {isa = PBXBuildFile; fileRef = 0C9E5D0D28F23E220001F2DF /* GameView.swift */; };
		0C9E5D1028F23EA80001F2DF /* tests.swift in Sources */ = {isa = PBXBuildFile; fileRef = 0C9E5D0F28F23EA80001F2DF /* tests.swift */; };
		0CB5FA3228E76E9300D1DA19 /* MultiplicationApp.swift in Sources */ = {isa = PBXBuildFile; fileRef = 0CB5FA3128E76E9300D1DA19 /* MultiplicationApp.swift */; };
		0CB5FA3428E76E9300D1DA19 /* ContentView.swift in Sources */ = {isa = PBXBuildFile; fileRef = 0CB5FA3328E76E9300D1DA19 /* ContentView.swift */; };
		0CB5FA3628E76E9600D1DA19 /* Assets.xcassets in Resources */ = {isa = PBXBuildFile; fileRef = 0CB5FA3528E76E9600D1DA19 /* Assets.xcassets */; };
		0CB5FA3928E76E9600D1DA19 /* Preview Assets.xcassets in Resources */ = {isa = PBXBuildFile; fileRef = 0CB5FA3828E76E9600D1DA19 /* Preview Assets.xcassets */; };
		0CB5FA4028E7AF2A00D1DA19 /* Settings.swift in Sources */ = {isa = PBXBuildFile; fileRef = 0CB5FA3F28E7AF2900D1DA19 /* Settings.swift */; };
		0CF2779528F435AF00514669 /* Color-Theme.swift in Sources */ = {isa = PBXBuildFile; fileRef = 0CF2779428F435AF00514669 /* Color-Theme.swift */; };
/* End PBXBuildFile section */

/* Begin PBXContainerItemProxy section */
		0C9E5D0628F23C010001F2DF /* PBXContainerItemProxy */ = {
			isa = PBXContainerItemProxy;
			containerPortal = 0CB5FA2628E76E9300D1DA19 /* Project object */;
			proxyType = 1;
			remoteGlobalIDString = 0CB5FA2D28E76E9300D1DA19;
			remoteInfo = Multiplication;
		};
/* End PBXContainerItemProxy section */

/* Begin PBXFileReference section */
		0C9E5CFC28F23BDB0001F2DF /* Game.swift */ = {isa = PBXFileReference; lastKnownFileType = sourcecode.swift; path = Game.swift; sourceTree = "<group>"; };
		0C9E5D0228F23C010001F2DF /* GameTests.xctest */ = {isa = PBXFileReference; explicitFileType = wrapper.cfbundle; includeInIndex = 0; path = GameTests.xctest; sourceTree = BUILT_PRODUCTS_DIR; };
		0C9E5D0428F23C010001F2DF /* GameTests.swift */ = {isa = PBXFileReference; lastKnownFileType = sourcecode.swift; path = GameTests.swift; sourceTree = "<group>"; };
		0C9E5D0D28F23E220001F2DF /* GameView.swift */ = {isa = PBXFileReference; lastKnownFileType = sourcecode.swift; path = GameView.swift; sourceTree = "<group>"; };
		0C9E5D0F28F23EA80001F2DF /* tests.swift */ = {isa = PBXFileReference; lastKnownFileType = sourcecode.swift; path = tests.swift; sourceTree = "<group>"; };
		0CB5FA2E28E76E9300D1DA19 /* Multiplication.app */ = {isa = PBXFileReference; explicitFileType = wrapper.application; includeInIndex = 0; path = Multiplication.app; sourceTree = BUILT_PRODUCTS_DIR; };
		0CB5FA3128E76E9300D1DA19 /* MultiplicationApp.swift */ = {isa = PBXFileReference; lastKnownFileType = sourcecode.swift; path = MultiplicationApp.swift; sourceTree = "<group>"; };
		0CB5FA3328E76E9300D1DA19 /* ContentView.swift */ = {isa = PBXFileReference; lastKnownFileType = sourcecode.swift; path = ContentView.swift; sourceTree = "<group>"; };
		0CB5FA3528E76E9600D1DA19 /* Assets.xcassets */ = {isa = PBXFileReference; lastKnownFileType = folder.assetcatalog; path = Assets.xcassets; sourceTree = "<group>"; };
		0CB5FA3828E76E9600D1DA19 /* Preview Assets.xcassets */ = {isa = PBXFileReference; lastKnownFileType = folder.assetcatalog; path = "Preview Assets.xcassets"; sourceTree = "<group>"; };
		0CB5FA3F28E7AF2900D1DA19 /* Settings.swift */ = {isa = PBXFileReference; lastKnownFileType = sourcecode.swift; path = Settings.swift; sourceTree = "<group>"; };
		0CF2779428F435AF00514669 /* Color-Theme.swift */ = {isa = PBXFileReference; lastKnownFileType = sourcecode.swift; path = "Color-Theme.swift"; sourceTree = "<group>"; };
/* End PBXFileReference section */

/* Begin PBXFrameworksBuildPhase section */
		0C9E5CFF28F23C010001F2DF /* Frameworks */ = {
			isa = PBXFrameworksBuildPhase;
			buildActionMask = 2147483647;
			files = (
			);
			runOnlyForDeploymentPostprocessing = 0;
		};
		0CB5FA2B28E76E9300D1DA19 /* Frameworks */ = {
			isa = PBXFrameworksBuildPhase;
			buildActionMask = 2147483647;
			files = (
			);
			runOnlyForDeploymentPostprocessing = 0;
		};
/* End PBXFrameworksBuildPhase section */

/* Begin PBXGroup section */
		0C9E5CFB28F23BC40001F2DF /* Model */ = {
			isa = PBXGroup;
			children = (
				0C9E5CFC28F23BDB0001F2DF /* Game.swift */,
			);
			path = Model;
			sourceTree = "<group>";
		};
		0C9E5D0328F23C010001F2DF /* GameTests */ = {
			isa = PBXGroup;
			children = (
				0C9E5D0428F23C010001F2DF /* GameTests.swift */,
			);
			path = GameTests;
			sourceTree = "<group>";
		};
		0C9E5D0B28F23DF00001F2DF /* Views */ = {
			isa = PBXGroup;
			children = (
				0CB5FA3328E76E9300D1DA19 /* ContentView.swift */,
				0C9E5D0F28F23EA80001F2DF /* tests.swift */,
				0CF2779428F435AF00514669 /* Color-Theme.swift */,
				0C9E5D0D28F23E220001F2DF /* GameView.swift */,
			);
			path = Views;
			sourceTree = "<group>";
		};
		0CB5FA2528E76E9300D1DA19 = {
			isa = PBXGroup;
			children = (
				0CB5FA3028E76E9300D1DA19 /* Multiplication */,
				0C9E5D0328F23C010001F2DF /* GameTests */,
				0CB5FA2F28E76E9300D1DA19 /* Products */,
			);
			sourceTree = "<group>";
		};
		0CB5FA2F28E76E9300D1DA19 /* Products */ = {
			isa = PBXGroup;
			children = (
				0CB5FA2E28E76E9300D1DA19 /* Multiplication.app */,
				0C9E5D0228F23C010001F2DF /* GameTests.xctest */,
			);
			name = Products;
			sourceTree = "<group>";
		};
		0CB5FA3028E76E9300D1DA19 /* Multiplication */ = {
			isa = PBXGroup;
			children = (
				0CB5FA3128E76E9300D1DA19 /* MultiplicationApp.swift */,
				0C9E5D0B28F23DF00001F2DF /* Views */,
				0C9E5CFB28F23BC40001F2DF /* Model */,
				0CB5FA3F28E7AF2900D1DA19 /* Settings.swift */,
				0CB5FA3528E76E9600D1DA19 /* Assets.xcassets */,
				0CB5FA3728E76E9600D1DA19 /* Preview Content */,
			);
			path = Multiplication;
			sourceTree = "<group>";
		};
		0CB5FA3728E76E9600D1DA19 /* Preview Content */ = {
			isa = PBXGroup;
			children = (
				0CB5FA3828E76E9600D1DA19 /* Preview Assets.xcassets */,
			);
			path = "Preview Content";
			sourceTree = "<group>";
		};
/* End PBXGroup section */

/* Begin PBXNativeTarget section */
		0C9E5D0128F23C010001F2DF /* GameTests */ = {
			isa = PBXNativeTarget;
			buildConfigurationList = 0C9E5D0828F23C010001F2DF /* Build configuration list for PBXNativeTarget "GameTests" */;
			buildPhases = (
				0C9E5CFE28F23C010001F2DF /* Sources */,
				0C9E5CFF28F23C010001F2DF /* Frameworks */,
				0C9E5D0028F23C010001F2DF /* Resources */,
			);
			buildRules = (
			);
			dependencies = (
				0C9E5D0728F23C010001F2DF /* PBXTargetDependency */,
			);
			name = GameTests;
			productName = GameTests;
			productReference = 0C9E5D0228F23C010001F2DF /* GameTests.xctest */;
			productType = "com.apple.product-type.bundle.unit-test";
		};
		0CB5FA2D28E76E9300D1DA19 /* Multiplication */ = {
			isa = PBXNativeTarget;
			buildConfigurationList = 0CB5FA3C28E76E9600D1DA19 /* Build configuration list for PBXNativeTarget "Multiplication" */;
			buildPhases = (
				0CB5FA2A28E76E9300D1DA19 /* Sources */,
				0CB5FA2B28E76E9300D1DA19 /* Frameworks */,
				0CB5FA2C28E76E9300D1DA19 /* Resources */,
			);
			buildRules = (
			);
			dependencies = (
			);
			name = Multiplication;
			productName = Multiplication;
			productReference = 0CB5FA2E28E76E9300D1DA19 /* Multiplication.app */;
			productType = "com.apple.product-type.application";
		};
/* End PBXNativeTarget section */

/* Begin PBXProject section */
		0CB5FA2628E76E9300D1DA19 /* Project object */ = {
			isa = PBXProject;
			attributes = {
				BuildIndependentTargetsInParallel = 1;
				LastSwiftUpdateCheck = 1340;
				LastUpgradeCheck = 1340;
				TargetAttributes = {
					0C9E5D0128F23C010001F2DF = {
						CreatedOnToolsVersion = 13.4.1;
						TestTargetID = 0CB5FA2D28E76E9300D1DA19;
					};
					0CB5FA2D28E76E9300D1DA19 = {
						CreatedOnToolsVersion = 13.4.1;
					};
				};
			};
			buildConfigurationList = 0CB5FA2928E76E9300D1DA19 /* Build configuration list for PBXProject "Multiplication" */;
			compatibilityVersion = "Xcode 13.0";
			developmentRegion = en;
			hasScannedForEncodings = 0;
			knownRegions = (
				en,
				Base,
			);
			mainGroup = 0CB5FA2528E76E9300D1DA19;
			productRefGroup = 0CB5FA2F28E76E9300D1DA19 /* Products */;
			projectDirPath = "";
			projectRoot = "";
			targets = (
				0CB5FA2D28E76E9300D1DA19 /* Multiplication */,
				0C9E5D0128F23C010001F2DF /* GameTests */,
			);
		};
/* End PBXProject section */

/* Begin PBXResourcesBuildPhase section */
		0C9E5D0028F23C010001F2DF /* Resources */ = {
			isa = PBXResourcesBuildPhase;
			buildActionMask = 2147483647;
			files = (
			);
			runOnlyForDeploymentPostprocessing = 0;
		};
		0CB5FA2C28E76E9300D1DA19 /* Resources */ = {
			isa = PBXResourcesBuildPhase;
			buildActionMask = 2147483647;
			files = (
				0CB5FA3928E76E9600D1DA19 /* Preview Assets.xcassets in Resources */,
				0CB5FA3628E76E9600D1DA19 /* Assets.xcassets in Resources */,
			);
			runOnlyForDeploymentPostprocessing = 0;
		};
/* End PBXResourcesBuildPhase section */

/* Begin PBXSourcesBuildPhase section */
		0C9E5CFE28F23C010001F2DF /* Sources */ = {
			isa = PBXSourcesBuildPhase;
			buildActionMask = 2147483647;
			files = (
				0C9E5D0528F23C010001F2DF /* GameTests.swift in Sources */,
			);
			runOnlyForDeploymentPostprocessing = 0;
		};
		0CB5FA2A28E76E9300D1DA19 /* Sources */ = {
			isa = PBXSourcesBuildPhase;
			buildActionMask = 2147483647;
			files = (
				0CB5FA3428E76E9300D1DA19 /* ContentView.swift in Sources */,
				0CB5FA3228E76E9300D1DA19 /* MultiplicationApp.swift in Sources */,
				0CF2779528F435AF00514669 /* Color-Theme.swift in Sources */,
				0CB5FA4028E7AF2A00D1DA19 /* Settings.swift in Sources */,
				0C9E5CFD28F23BDB0001F2DF /* Game.swift in Sources */,
				0C9E5D0E28F23E220001F2DF /* GameView.swift in Sources */,
				0C9E5D1028F23EA80001F2DF /* tests.swift in Sources */,
			);
			runOnlyForDeploymentPostprocessing = 0;
		};
/* End PBXSourcesBuildPhase section */

/* Begin PBXTargetDependency section */
		0C9E5D0728F23C010001F2DF /* PBXTargetDependency */ = {
			isa = PBXTargetDependency;
			target = 0CB5FA2D28E76E9300D1DA19 /* Multiplication */;
			targetProxy = 0C9E5D0628F23C010001F2DF /* PBXContainerItemProxy */;
		};
/* End PBXTargetDependency section */

/* Begin XCBuildConfiguration section */
		0C9E5D0928F23C010001F2DF /* Debug */ = {
			isa = XCBuildConfiguration;
			buildSettings = {
				BUNDLE_LOADER = "$(TEST_HOST)";
				CODE_SIGN_STYLE = Automatic;
				CURRENT_PROJECT_VERSION = 1;
				GENERATE_INFOPLIST_FILE = YES;
				MARKETING_VERSION = 1.0;
				PRODUCT_BUNDLE_IDENTIFIER = com.fre.GameTests;
				PRODUCT_NAME = "$(TARGET_NAME)";
				SWIFT_EMIT_LOC_STRINGS = NO;
				SWIFT_VERSION = 5.0;
				TARGETED_DEVICE_FAMILY = "1,2";
				TEST_HOST = "$(BUILT_PRODUCTS_DIR)/Multiplication.app/Multiplication";
			};
			name = Debug;
		};
		0C9E5D0A28F23C010001F2DF /* Release */ = {
			isa = XCBuildConfiguration;
			buildSettings = {
				BUNDLE_LOADER = "$(TEST_HOST)";
				CODE_SIGN_STYLE = Automatic;
				CURRENT_PROJECT_VERSION = 1;
				GENERATE_INFOPLIST_FILE = YES;
				MARKETING_VERSION = 1.0;
				PRODUCT_BUNDLE_IDENTIFIER = com.fre.GameTests;
				PRODUCT_NAME = "$(TARGET_NAME)";
				SWIFT_EMIT_LOC_STRINGS = NO;
				SWIFT_VERSION = 5.0;
				TARGETED_DEVICE_FAMILY = "1,2";
				TEST_HOST = "$(BUILT_PRODUCTS_DIR)/Multiplication.app/Multiplication";
			};
			name = Release;
		};
		0CB5FA3A28E76E9600D1DA19 /* Debug */ = {
			isa = XCBuildConfiguration;
			buildSettings = {
				ALWAYS_SEARCH_USER_PATHS = NO;
				CLANG_ANALYZER_NONNULL = YES;
				CLANG_ANALYZER_NUMBER_OBJECT_CONVERSION = YES_AGGRESSIVE;
				CLANG_CXX_LANGUAGE_STANDARD = "gnu++17";
				CLANG_ENABLE_MODULES = YES;
				CLANG_ENABLE_OBJC_ARC = YES;
				CLANG_ENABLE_OBJC_WEAK = YES;
				CLANG_WARN_BLOCK_CAPTURE_AUTORELEASING = YES;
				CLANG_WARN_BOOL_CONVERSION = YES;
				CLANG_WARN_COMMA = YES;
				CLANG_WARN_CONSTANT_CONVERSION = YES;
				CLANG_WARN_DEPRECATED_OBJC_IMPLEMENTATIONS = YES;
				CLANG_WARN_DIRECT_OBJC_ISA_USAGE = YES_ERROR;
				CLANG_WARN_DOCUMENTATION_COMMENTS = YES;
				CLANG_WARN_EMPTY_BODY = YES;
				CLANG_WARN_ENUM_CONVERSION = YES;
				CLANG_WARN_INFINITE_RECURSION = YES;
				CLANG_WARN_INT_CONVERSION = YES;
				CLANG_WARN_NON_LITERAL_NULL_CONVERSION = YES;
				CLANG_WARN_OBJC_IMPLICIT_RETAIN_SELF = YES;
				CLANG_WARN_OBJC_LITERAL_CONVERSION = YES;
				CLANG_WARN_OBJC_ROOT_CLASS = YES_ERROR;
				CLANG_WARN_QUOTED_INCLUDE_IN_FRAMEWORK_HEADER = YES;
				CLANG_WARN_RANGE_LOOP_ANALYSIS = YES;
				CLANG_WARN_STRICT_PROTOTYPES = YES;
				CLANG_WARN_SUSPICIOUS_MOVE = YES;
				CLANG_WARN_UNGUARDED_AVAILABILITY = YES_AGGRESSIVE;
				CLANG_WARN_UNREACHABLE_CODE = YES;
				CLANG_WARN__DUPLICATE_METHOD_MATCH = YES;
				COPY_PHASE_STRIP = NO;
				DEBUG_INFORMATION_FORMAT = dwarf;
				ENABLE_STRICT_OBJC_MSGSEND = YES;
				ENABLE_TESTABILITY = YES;
				GCC_C_LANGUAGE_STANDARD = gnu11;
				GCC_DYNAMIC_NO_PIC = NO;
				GCC_NO_COMMON_BLOCKS = YES;
				GCC_OPTIMIZATION_LEVEL = 0;
				GCC_PREPROCESSOR_DEFINITIONS = (
					"DEBUG=1",
					"$(inherited)",
				);
				GCC_WARN_64_TO_32_BIT_CONVERSION = YES;
				GCC_WARN_ABOUT_RETURN_TYPE = YES_ERROR;
				GCC_WARN_UNDECLARED_SELECTOR = YES;
				GCC_WARN_UNINITIALIZED_AUTOS = YES_AGGRESSIVE;
				GCC_WARN_UNUSED_FUNCTION = YES;
				GCC_WARN_UNUSED_VARIABLE = YES;
				IPHONEOS_DEPLOYMENT_TARGET = 15.5;
				MTL_ENABLE_DEBUG_INFO = INCLUDE_SOURCE;
				MTL_FAST_MATH = YES;
				ONLY_ACTIVE_ARCH = YES;
				SDKROOT = iphoneos;
				SWIFT_ACTIVE_COMPILATION_CONDITIONS = DEBUG;
				SWIFT_OPTIMIZATION_LEVEL = "-Onone";
			};
			name = Debug;
		};
		0CB5FA3B28E76E9600D1DA19 /* Release */ = {
			isa = XCBuildConfiguration;
			buildSettings = {
				ALWAYS_SEARCH_USER_PATHS = NO;
				CLANG_ANALYZER_NONNULL = YES;
				CLANG_ANALYZER_NUMBER_OBJECT_CONVERSION = YES_AGGRESSIVE;
				CLANG_CXX_LANGUAGE_STANDARD = "gnu++17";
				CLANG_ENABLE_MODULES = YES;
				CLANG_ENABLE_OBJC_ARC = YES;
				CLANG_ENABLE_OBJC_WEAK = YES;
				CLANG_WARN_BLOCK_CAPTURE_AUTORELEASING = YES;
				CLANG_WARN_BOOL_CONVERSION = YES;
				CLANG_WARN_COMMA = YES;
				CLANG_WARN_CONSTANT_CONVERSION = YES;
				CLANG_WARN_DEPRECATED_OBJC_IMPLEMENTATIONS = YES;
				CLANG_WARN_DIRECT_OBJC_ISA_USAGE = YES_ERROR;
				CLANG_WARN_DOCUMENTATION_COMMENTS = YES;
				CLANG_WARN_EMPTY_BODY = YES;
				CLANG_WARN_ENUM_CONVERSION = YES;
				CLANG_WARN_INFINITE_RECURSION = YES;
				CLANG_WARN_INT_CONVERSION = YES;
				CLANG_WARN_NON_LITERAL_NULL_CONVERSION = YES;
				CLANG_WARN_OBJC_IMPLICIT_RETAIN_SELF = YES;
				CLANG_WARN_OBJC_LITERAL_CONVERSION = YES;
				CLANG_WARN_OBJC_ROOT_CLASS = YES_ERROR;
				CLANG_WARN_QUOTED_INCLUDE_IN_FRAMEWORK_HEADER = YES;
				CLANG_WARN_RANGE_LOOP_ANALYSIS = YES;
				CLANG_WARN_STRICT_PROTOTYPES = YES;
				CLANG_WARN_SUSPICIOUS_MOVE = YES;
				CLANG_WARN_UNGUARDED_AVAILABILITY = YES_AGGRESSIVE;
				CLANG_WARN_UNREACHABLE_CODE = YES;
				CLANG_WARN__DUPLICATE_METHOD_MATCH = YES;
				COPY_PHASE_STRIP = NO;
				DEBUG_INFORMATION_FORMAT = "dwarf-with-dsym";
				ENABLE_NS_ASSERTIONS = NO;
				ENABLE_STRICT_OBJC_MSGSEND = YES;
				GCC_C_LANGUAGE_STANDARD = gnu11;
				GCC_NO_COMMON_BLOCKS = YES;
				GCC_WARN_64_TO_32_BIT_CONVERSION = YES;
				GCC_WARN_ABOUT_RETURN_TYPE = YES_ERROR;
				GCC_WARN_UNDECLARED_SELECTOR = YES;
				GCC_WARN_UNINITIALIZED_AUTOS = YES_AGGRESSIVE;
				GCC_WARN_UNUSED_FUNCTION = YES;
				GCC_WARN_UNUSED_VARIABLE = YES;
				IPHONEOS_DEPLOYMENT_TARGET = 15.5;
				MTL_ENABLE_DEBUG_INFO = NO;
				MTL_FAST_MATH = YES;
				SDKROOT = iphoneos;
				SWIFT_COMPILATION_MODE = wholemodule;
				SWIFT_OPTIMIZATION_LEVEL = "-O";
				VALIDATE_PRODUCT = YES;
			};
			name = Release;
		};
		0CB5FA3D28E76E9600D1DA19 /* Debug */ = {
			isa = XCBuildConfiguration;
			buildSettings = {
				ASSETCATALOG_COMPILER_APPICON_NAME = AppIcon;
				ASSETCATALOG_COMPILER_GLOBAL_ACCENT_COLOR_NAME = AccentColor;
				CODE_SIGN_STYLE = Automatic;
				CURRENT_PROJECT_VERSION = 1;
				DEVELOPMENT_ASSET_PATHS = "\"Multiplication/Preview Content\"";
				DEVELOPMENT_TEAM = T68CB4R9H5;
				ENABLE_PREVIEWS = YES;
				GENERATE_INFOPLIST_FILE = YES;
				INFOPLIST_KEY_UIApplicationSceneManifest_Generation = YES;
				INFOPLIST_KEY_UIApplicationSupportsIndirectInputEvents = YES;
				INFOPLIST_KEY_UILaunchScreen_Generation = YES;
				INFOPLIST_KEY_UISupportedInterfaceOrientations_iPad = "UIInterfaceOrientationPortrait UIInterfaceOrientationPortraitUpsideDown UIInterfaceOrientationLandscapeLeft UIInterfaceOrientationLandscapeRight";
				INFOPLIST_KEY_UISupportedInterfaceOrientations_iPhone = "UIInterfaceOrientationPortrait UIInterfaceOrientationLandscapeLeft UIInterfaceOrientationLandscapeRight";
				LD_RUNPATH_SEARCH_PATHS = (
					"$(inherited)",
					"@executable_path/Frameworks",
				);
				MARKETING_VERSION = 1.0;
				PRODUCT_BUNDLE_IDENTIFIER = com.fre.Multiplication;
				PRODUCT_NAME = "$(TARGET_NAME)";
				SWIFT_EMIT_LOC_STRINGS = YES;
				SWIFT_VERSION = 5.0;
				TARGETED_DEVICE_FAMILY = "1,2";
			};
			name = Debug;
		};
		0CB5FA3E28E76E9600D1DA19 /* Release */ = {
			isa = XCBuildConfiguration;
			buildSettings = {
				ASSETCATALOG_COMPILER_APPICON_NAME = AppIcon;
				ASSETCATALOG_COMPILER_GLOBAL_ACCENT_COLOR_NAME = AccentColor;
				CODE_SIGN_STYLE = Automatic;
				CURRENT_PROJECT_VERSION = 1;
				DEVELOPMENT_ASSET_PATHS = "\"Multiplication/Preview Content\"";
				DEVELOPMENT_TEAM = T68CB4R9H5;
				ENABLE_PREVIEWS = YES;
				GENERATE_INFOPLIST_FILE = YES;
				INFOPLIST_KEY_UIApplicationSceneManifest_Generation = YES;
				INFOPLIST_KEY_UIApplicationSupportsIndirectInputEvents = YES;
				INFOPLIST_KEY_UILaunchScreen_Generation = YES;
				INFOPLIST_KEY_UISupportedInterfaceOrientations_iPad = "UIInterfaceOrientationPortrait UIInterfaceOrientationPortraitUpsideDown UIInterfaceOrientationLandscapeLeft UIInterfaceOrientationLandscapeRight";
				INFOPLIST_KEY_UISupportedInterfaceOrientations_iPhone = "UIInterfaceOrientationPortrait UIInterfaceOrientationLandscapeLeft UIInterfaceOrientationLandscapeRight";
				LD_RUNPATH_SEARCH_PATHS = (
					"$(inherited)",
					"@executable_path/Frameworks",
				);
				MARKETING_VERSION = 1.0;
				PRODUCT_BUNDLE_IDENTIFIER = com.fre.Multiplication;
				PRODUCT_NAME = "$(TARGET_NAME)";
				SWIFT_EMIT_LOC_STRINGS = YES;
				SWIFT_VERSION = 5.0;
				TARGETED_DEVICE_FAMILY = "1,2";
			};
			name = Release;
		};
/* End XCBuildConfiguration section */

/* Begin XCConfigurationList section */
		0C9E5D0828F23C010001F2DF /* Build configuration list for PBXNativeTarget "GameTests" */ = {
			isa = XCConfigurationList;
			buildConfigurations = (
				0C9E5D0928F23C010001F2DF /* Debug */,
				0C9E5D0A28F23C010001F2DF /* Release */,
			);
			defaultConfigurationIsVisible = 0;
			defaultConfigurationName = Release;
		};
		0CB5FA2928E76E9300D1DA19 /* Build configuration list for PBXProject "Multiplication" */ = {
			isa = XCConfigurationList;
			buildConfigurations = (
				0CB5FA3A28E76E9600D1DA19 /* Debug */,
				0CB5FA3B28E76E9600D1DA19 /* Release */,
			);
			defaultConfigurationIsVisible = 0;
			defaultConfigurationName = Release;
		};
		0CB5FA3C28E76E9600D1DA19 /* Build configuration list for PBXNativeTarget "Multiplication" */ = {
			isa = XCConfigurationList;
			buildConfigurations = (
				0CB5FA3D28E76E9600D1DA19 /* Debug */,
				0CB5FA3E28E76E9600D1DA19 /* Release */,
			);
			defaultConfigurationIsVisible = 0;
			defaultConfigurationName = Release;
		};
/* End XCConfigurationList section */
	};
	rootObject = 0CB5FA2628E76E9300D1DA19 /* Project object */;
}
