// !$*UTF8*$!
{
	archiveVersion = 1;
	classes = {
	};
	objectVersion = 55;
	objects = {

/* Begin PBXBuildFile section */
		0C158F3D2916AEA20036A596 /* MapKit.swift in Sources */ = {isa = PBXBuildFile; fileRef = 0C158F3C2916AEA20036A596 /* MapKit.swift */; };
		0C158F3F2916AEFB0036A596 /* TouchIdAndFaceId.swift in Sources */ = {isa = PBXBuildFile; fileRef = 0C158F3E2916AEFB0036A596 /* TouchIdAndFaceId.swift */; };
		0C50369B2916BB7F0026940B /* Location.swift in Sources */ = {isa = PBXBuildFile; fileRef = 0C50369A2916BB7F0026940B /* Location.swift */; };
		0C50369D2916C1C30026940B /* EditView.swift in Sources */ = {isa = PBXBuildFile; fileRef = 0C50369C2916C1C30026940B /* EditView.swift */; };
		0C50369F2916F5D60026940B /* Result.swift in Sources */ = {isa = PBXBuildFile; fileRef = 0C50369E2916F5D60026940B /* Result.swift */; };
		0C5036A12917017C0026940B /* ContentView-ViewModel.swift in Sources */ = {isa = PBXBuildFile; fileRef = 0C5036A02917017C0026940B /* ContentView-ViewModel.swift */; };
		0C5036A3291705960026940B /* FileManager-DocumentsDirectory.swift in Sources */ = {isa = PBXBuildFile; fileRef = 0C5036A2291705960026940B /* FileManager-DocumentsDirectory.swift */; };
		0C5036A529171D300026940B /* EditView-ViewModel.swift in Sources */ = {isa = PBXBuildFile; fileRef = 0C5036A429171D300026940B /* EditView-ViewModel.swift */; };
		0CB2CD6C2915B75400CE082B /* WriteDataToDocument.swift in Sources */ = {isa = PBXBuildFile; fileRef = 0CB2CD6B2915B75400CE082B /* WriteDataToDocument.swift */; };
		0CB2CD6E2915C0A900CE082B /* SwitchingViewStatesWithEnum.swift in Sources */ = {isa = PBXBuildFile; fileRef = 0CB2CD6D2915C0A900CE082B /* SwitchingViewStatesWithEnum.swift */; };
		0CFE235929159B740024B07F /* BucketListApp.swift in Sources */ = {isa = PBXBuildFile; fileRef = 0CFE235829159B740024B07F /* BucketListApp.swift */; };
		0CFE235B29159B740024B07F /* ContentView.swift in Sources */ = {isa = PBXBuildFile; fileRef = 0CFE235A29159B740024B07F /* ContentView.swift */; };
		0CFE235D29159B760024B07F /* Assets.xcassets in Resources */ = {isa = PBXBuildFile; fileRef = 0CFE235C29159B760024B07F /* Assets.xcassets */; };
		0CFE236029159B760024B07F /* Preview Assets.xcassets in Resources */ = {isa = PBXBuildFile; fileRef = 0CFE235F29159B760024B07F /* Preview Assets.xcassets */; };
		0CFE23682915B65C0024B07F /* Comparable.swift in Sources */ = {isa = PBXBuildFile; fileRef = 0CFE23672915B65C0024B07F /* Comparable.swift */; };
/* End PBXBuildFile section */

/* Begin PBXFileReference section */
		0C158F3C2916AEA20036A596 /* MapKit.swift */ = {isa = PBXFileReference; lastKnownFileType = sourcecode.swift; path = MapKit.swift; sourceTree = "<group>"; };
		0C158F3E2916AEFB0036A596 /* TouchIdAndFaceId.swift */ = {isa = PBXFileReference; lastKnownFileType = sourcecode.swift; path = TouchIdAndFaceId.swift; sourceTree = "<group>"; };
		0C50369A2916BB7F0026940B /* Location.swift */ = {isa = PBXFileReference; lastKnownFileType = sourcecode.swift; path = Location.swift; sourceTree = "<group>"; };
		0C50369C2916C1C30026940B /* EditView.swift */ = {isa = PBXFileReference; lastKnownFileType = sourcecode.swift; path = EditView.swift; sourceTree = "<group>"; };
		0C50369E2916F5D60026940B /* Result.swift */ = {isa = PBXFileReference; lastKnownFileType = sourcecode.swift; path = Result.swift; sourceTree = "<group>"; };
		0C5036A02917017C0026940B /* ContentView-ViewModel.swift */ = {isa = PBXFileReference; lastKnownFileType = sourcecode.swift; path = "ContentView-ViewModel.swift"; sourceTree = "<group>"; };
		0C5036A2291705960026940B /* FileManager-DocumentsDirectory.swift */ = {isa = PBXFileReference; lastKnownFileType = sourcecode.swift; path = "FileManager-DocumentsDirectory.swift"; sourceTree = "<group>"; };
		0C5036A429171D300026940B /* EditView-ViewModel.swift */ = {isa = PBXFileReference; lastKnownFileType = sourcecode.swift; path = "EditView-ViewModel.swift"; sourceTree = "<group>"; };
		0CB2CD6B2915B75400CE082B /* WriteDataToDocument.swift */ = {isa = PBXFileReference; lastKnownFileType = sourcecode.swift; path = WriteDataToDocument.swift; sourceTree = "<group>"; };
		0CB2CD6D2915C0A900CE082B /* SwitchingViewStatesWithEnum.swift */ = {isa = PBXFileReference; lastKnownFileType = sourcecode.swift; path = SwitchingViewStatesWithEnum.swift; sourceTree = "<group>"; };
		0CFE235529159B740024B07F /* BucketList.app */ = {isa = PBXFileReference; explicitFileType = wrapper.application; includeInIndex = 0; path = BucketList.app; sourceTree = BUILT_PRODUCTS_DIR; };
		0CFE235829159B740024B07F /* BucketListApp.swift */ = {isa = PBXFileReference; lastKnownFileType = sourcecode.swift; path = BucketListApp.swift; sourceTree = "<group>"; };
		0CFE235A29159B740024B07F /* ContentView.swift */ = {isa = PBXFileReference; lastKnownFileType = sourcecode.swift; path = ContentView.swift; sourceTree = "<group>"; };
		0CFE235C29159B760024B07F /* Assets.xcassets */ = {isa = PBXFileReference; lastKnownFileType = folder.assetcatalog; path = Assets.xcassets; sourceTree = "<group>"; };
		0CFE235F29159B760024B07F /* Preview Assets.xcassets */ = {isa = PBXFileReference; lastKnownFileType = folder.assetcatalog; path = "Preview Assets.xcassets"; sourceTree = "<group>"; };
		0CFE23672915B65C0024B07F /* Comparable.swift */ = {isa = PBXFileReference; lastKnownFileType = sourcecode.swift; path = Comparable.swift; sourceTree = "<group>"; };
/* End PBXFileReference section */

/* Begin PBXFrameworksBuildPhase section */
		0CFE235229159B740024B07F /* Frameworks */ = {
			isa = PBXFrameworksBuildPhase;
			buildActionMask = 2147483647;
			files = (
			);
			runOnlyForDeploymentPostprocessing = 0;
		};
/* End PBXFrameworksBuildPhase section */

/* Begin PBXGroup section */
		0CFE234C29159B740024B07F = {
			isa = PBXGroup;
			children = (
				0CFE235729159B740024B07F /* BucketList */,
				0CFE235629159B740024B07F /* Products */,
			);
			sourceTree = "<group>";
		};
		0CFE235629159B740024B07F /* Products */ = {
			isa = PBXGroup;
			children = (
				0CFE235529159B740024B07F /* BucketList.app */,
			);
			name = Products;
			sourceTree = "<group>";
		};
		0CFE235729159B740024B07F /* BucketList */ = {
			isa = PBXGroup;
			children = (
				0CFE235829159B740024B07F /* BucketListApp.swift */,
				0CFE235A29159B740024B07F /* ContentView.swift */,
				0C5036A02917017C0026940B /* ContentView-ViewModel.swift */,
				0C50369C2916C1C30026940B /* EditView.swift */,
				0C5036A429171D300026940B /* EditView-ViewModel.swift */,
				0C5036A2291705960026940B /* FileManager-DocumentsDirectory.swift */,
				0C50369E2916F5D60026940B /* Result.swift */,
				0C50369A2916BB7F0026940B /* Location.swift */,
				0CFE23662915B6480024B07F /* Tutorials */,
				0CFE235C29159B760024B07F /* Assets.xcassets */,
				0CFE235E29159B760024B07F /* Preview Content */,
			);
			path = BucketList;
			sourceTree = "<group>";
		};
		0CFE235E29159B760024B07F /* Preview Content */ = {
			isa = PBXGroup;
			children = (
				0CFE235F29159B760024B07F /* Preview Assets.xcassets */,
			);
			path = "Preview Content";
			sourceTree = "<group>";
		};
		0CFE23662915B6480024B07F /* Tutorials */ = {
			isa = PBXGroup;
			children = (
				0CFE23672915B65C0024B07F /* Comparable.swift */,
				0CB2CD6B2915B75400CE082B /* WriteDataToDocument.swift */,
				0CB2CD6D2915C0A900CE082B /* SwitchingViewStatesWithEnum.swift */,
				0C158F3C2916AEA20036A596 /* MapKit.swift */,
				0C158F3E2916AEFB0036A596 /* TouchIdAndFaceId.swift */,
			);
			path = Tutorials;
			sourceTree = "<group>";
		};
/* End PBXGroup section */

/* Begin PBXNativeTarget section */
		0CFE235429159B740024B07F /* BucketList */ = {
			isa = PBXNativeTarget;
			buildConfigurationList = 0CFE236329159B760024B07F /* Build configuration list for PBXNativeTarget "BucketList" */;
			buildPhases = (
				0CFE235129159B740024B07F /* Sources */,
				0CFE235229159B740024B07F /* Frameworks */,
				0CFE235329159B740024B07F /* Resources */,
			);
			buildRules = (
			);
			dependencies = (
			);
			name = BucketList;
			productName = BucketList;
			productReference = 0CFE235529159B740024B07F /* BucketList.app */;
			productType = "com.apple.product-type.application";
		};
/* End PBXNativeTarget section */

/* Begin PBXProject section */
		0CFE234D29159B740024B07F /* Project object */ = {
			isa = PBXProject;
			attributes = {
				BuildIndependentTargetsInParallel = 1;
				LastSwiftUpdateCheck = 1340;
				LastUpgradeCheck = 1340;
				TargetAttributes = {
					0CFE235429159B740024B07F = {
						CreatedOnToolsVersion = 13.4.1;
					};
				};
			};
			buildConfigurationList = 0CFE235029159B740024B07F /* Build configuration list for PBXProject "BucketList" */;
			compatibilityVersion = "Xcode 13.0";
			developmentRegion = en;
			hasScannedForEncodings = 0;
			knownRegions = (
				en,
				Base,
			);
			mainGroup = 0CFE234C29159B740024B07F;
			productRefGroup = 0CFE235629159B740024B07F /* Products */;
			projectDirPath = "";
			projectRoot = "";
			targets = (
				0CFE235429159B740024B07F /* BucketList */,
			);
		};
/* End PBXProject section */

/* Begin PBXResourcesBuildPhase section */
		0CFE235329159B740024B07F /* Resources */ = {
			isa = PBXResourcesBuildPhase;
			buildActionMask = 2147483647;
			files = (
				0CFE236029159B760024B07F /* Preview Assets.xcassets in Resources */,
				0CFE235D29159B760024B07F /* Assets.xcassets in Resources */,
			);
			runOnlyForDeploymentPostprocessing = 0;
		};
/* End PBXResourcesBuildPhase section */

/* Begin PBXSourcesBuildPhase section */
		0CFE235129159B740024B07F /* Sources */ = {
			isa = PBXSourcesBuildPhase;
			buildActionMask = 2147483647;
			files = (
				0CFE23682915B65C0024B07F /* Comparable.swift in Sources */,
				0CFE235B29159B740024B07F /* ContentView.swift in Sources */,
				0C50369B2916BB7F0026940B /* Location.swift in Sources */,
				0CFE235929159B740024B07F /* BucketListApp.swift in Sources */,
				0C158F3F2916AEFB0036A596 /* TouchIdAndFaceId.swift in Sources */,
				0C50369D2916C1C30026940B /* EditView.swift in Sources */,
				0C5036A3291705960026940B /* FileManager-DocumentsDirectory.swift in Sources */,
				0C50369F2916F5D60026940B /* Result.swift in Sources */,
				0C5036A12917017C0026940B /* ContentView-ViewModel.swift in Sources */,
				0C5036A529171D300026940B /* EditView-ViewModel.swift in Sources */,
				0CB2CD6E2915C0A900CE082B /* SwitchingViewStatesWithEnum.swift in Sources */,
				0CB2CD6C2915B75400CE082B /* WriteDataToDocument.swift in Sources */,
				0C158F3D2916AEA20036A596 /* MapKit.swift in Sources */,
			);
			runOnlyForDeploymentPostprocessing = 0;
		};
/* End PBXSourcesBuildPhase section */

/* Begin XCBuildConfiguration section */
		0CFE236129159B760024B07F /* Debug */ = {
			isa = XCBuildConfiguration;
			buildSettings = {
				ALWAYS_SEARCH_USER_PATHS = NO;
				CLANG_ANALYZER_NONNULL = YES;
				CLANG_ANALYZER_NUMBER_OBJECT_CONVERSION = YES_AGGRESSIVE;
				CLANG_CXX_LANGUAGE_STANDARD = "gnu++17";
				CLANG_ENABLE_MODULES = YES;
				CLANG_ENABLE_OBJC_ARC = YES;
				CLANG_ENABLE_OBJC_WEAK = YES;
				CLANG_WARN_BLOCK_CAPTURE_AUTORELEASING = YES;
				CLANG_WARN_BOOL_CONVERSION = YES;
				CLANG_WARN_COMMA = YES;
				CLANG_WARN_CONSTANT_CONVERSION = YES;
				CLANG_WARN_DEPRECATED_OBJC_IMPLEMENTATIONS = YES;
				CLANG_WARN_DIRECT_OBJC_ISA_USAGE = YES_ERROR;
				CLANG_WARN_DOCUMENTATION_COMMENTS = YES;
				CLANG_WARN_EMPTY_BODY = YES;
				CLANG_WARN_ENUM_CONVERSION = YES;
				CLANG_WARN_INFINITE_RECURSION = YES;
				CLANG_WARN_INT_CONVERSION = YES;
				CLANG_WARN_NON_LITERAL_NULL_CONVERSION = YES;
				CLANG_WARN_OBJC_IMPLICIT_RETAIN_SELF = YES;
				CLANG_WARN_OBJC_LITERAL_CONVERSION = YES;
				CLANG_WARN_OBJC_ROOT_CLASS = YES_ERROR;
				CLANG_WARN_QUOTED_INCLUDE_IN_FRAMEWORK_HEADER = YES;
				CLANG_WARN_RANGE_LOOP_ANALYSIS = YES;
				CLANG_WARN_STRICT_PROTOTYPES = YES;
				CLANG_WARN_SUSPICIOUS_MOVE = YES;
				CLANG_WARN_UNGUARDED_AVAILABILITY = YES_AGGRESSIVE;
				CLANG_WARN_UNREACHABLE_CODE = YES;
				CLANG_WARN__DUPLICATE_METHOD_MATCH = YES;
				COPY_PHASE_STRIP = NO;
				DEBUG_INFORMATION_FORMAT = dwarf;
				ENABLE_STRICT_OBJC_MSGSEND = YES;
				ENABLE_TESTABILITY = YES;
				GCC_C_LANGUAGE_STANDARD = gnu11;
				GCC_DYNAMIC_NO_PIC = NO;
				GCC_NO_COMMON_BLOCKS = YES;
				GCC_OPTIMIZATION_LEVEL = 0;
				GCC_PREPROCESSOR_DEFINITIONS = (
					"DEBUG=1",
					"$(inherited)",
				);
				GCC_WARN_64_TO_32_BIT_CONVERSION = YES;
				GCC_WARN_ABOUT_RETURN_TYPE = YES_ERROR;
				GCC_WARN_UNDECLARED_SELECTOR = YES;
				GCC_WARN_UNINITIALIZED_AUTOS = YES_AGGRESSIVE;
				GCC_WARN_UNUSED_FUNCTION = YES;
				GCC_WARN_UNUSED_VARIABLE = YES;
				IPHONEOS_DEPLOYMENT_TARGET = 15.5;
				MTL_ENABLE_DEBUG_INFO = INCLUDE_SOURCE;
				MTL_FAST_MATH = YES;
				ONLY_ACTIVE_ARCH = YES;
				SDKROOT = iphoneos;
				SWIFT_ACTIVE_COMPILATION_CONDITIONS = DEBUG;
				SWIFT_OPTIMIZATION_LEVEL = "-Onone";
			};
			name = Debug;
		};
		0CFE236229159B760024B07F /* Release */ = {
			isa = XCBuildConfiguration;
			buildSettings = {
				ALWAYS_SEARCH_USER_PATHS = NO;
				CLANG_ANALYZER_NONNULL = YES;
				CLANG_ANALYZER_NUMBER_OBJECT_CONVERSION = YES_AGGRESSIVE;
				CLANG_CXX_LANGUAGE_STANDARD = "gnu++17";
				CLANG_ENABLE_MODULES = YES;
				CLANG_ENABLE_OBJC_ARC = YES;
				CLANG_ENABLE_OBJC_WEAK = YES;
				CLANG_WARN_BLOCK_CAPTURE_AUTORELEASING = YES;
				CLANG_WARN_BOOL_CONVERSION = YES;
				CLANG_WARN_COMMA = YES;
				CLANG_WARN_CONSTANT_CONVERSION = YES;
				CLANG_WARN_DEPRECATED_OBJC_IMPLEMENTATIONS = YES;
				CLANG_WARN_DIRECT_OBJC_ISA_USAGE = YES_ERROR;
				CLANG_WARN_DOCUMENTATION_COMMENTS = YES;
				CLANG_WARN_EMPTY_BODY = YES;
				CLANG_WARN_ENUM_CONVERSION = YES;
				CLANG_WARN_INFINITE_RECURSION = YES;
				CLANG_WARN_INT_CONVERSION = YES;
				CLANG_WARN_NON_LITERAL_NULL_CONVERSION = YES;
				CLANG_WARN_OBJC_IMPLICIT_RETAIN_SELF = YES;
				CLANG_WARN_OBJC_LITERAL_CONVERSION = YES;
				CLANG_WARN_OBJC_ROOT_CLASS = YES_ERROR;
				CLANG_WARN_QUOTED_INCLUDE_IN_FRAMEWORK_HEADER = YES;
				CLANG_WARN_RANGE_LOOP_ANALYSIS = YES;
				CLANG_WARN_STRICT_PROTOTYPES = YES;
				CLANG_WARN_SUSPICIOUS_MOVE = YES;
				CLANG_WARN_UNGUARDED_AVAILABILITY = YES_AGGRESSIVE;
				CLANG_WARN_UNREACHABLE_CODE = YES;
				CLANG_WARN__DUPLICATE_METHOD_MATCH = YES;
				COPY_PHASE_STRIP = NO;
				DEBUG_INFORMATION_FORMAT = "dwarf-with-dsym";
				ENABLE_NS_ASSERTIONS = NO;
				ENABLE_STRICT_OBJC_MSGSEND = YES;
				GCC_C_LANGUAGE_STANDARD = gnu11;
				GCC_NO_COMMON_BLOCKS = YES;
				GCC_WARN_64_TO_32_BIT_CONVERSION = YES;
				GCC_WARN_ABOUT_RETURN_TYPE = YES_ERROR;
				GCC_WARN_UNDECLARED_SELECTOR = YES;
				GCC_WARN_UNINITIALIZED_AUTOS = YES_AGGRESSIVE;
				GCC_WARN_UNUSED_FUNCTION = YES;
				GCC_WARN_UNUSED_VARIABLE = YES;
				IPHONEOS_DEPLOYMENT_TARGET = 15.5;
				MTL_ENABLE_DEBUG_INFO = NO;
				MTL_FAST_MATH = YES;
				SDKROOT = iphoneos;
				SWIFT_COMPILATION_MODE = wholemodule;
				SWIFT_OPTIMIZATION_LEVEL = "-O";
				VALIDATE_PRODUCT = YES;
			};
			name = Release;
		};
		0CFE236429159B760024B07F /* Debug */ = {
			isa = XCBuildConfiguration;
			buildSettings = {
				ASSETCATALOG_COMPILER_APPICON_NAME = AppIcon;
				ASSETCATALOG_COMPILER_GLOBAL_ACCENT_COLOR_NAME = AccentColor;
				CODE_SIGN_STYLE = Automatic;
				CURRENT_PROJECT_VERSION = 1;
				DEVELOPMENT_ASSET_PATHS = "\"BucketList/Preview Content\"";
				ENABLE_PREVIEWS = YES;
				GENERATE_INFOPLIST_FILE = YES;
				INFOPLIST_KEY_NSFaceIDUsageDescription = "We need to unlock your data.";
				INFOPLIST_KEY_UIApplicationSceneManifest_Generation = YES;
				INFOPLIST_KEY_UIApplicationSupportsIndirectInputEvents = YES;
				INFOPLIST_KEY_UILaunchScreen_Generation = YES;
				INFOPLIST_KEY_UISupportedInterfaceOrientations_iPad = "UIInterfaceOrientationPortrait UIInterfaceOrientationPortraitUpsideDown UIInterfaceOrientationLandscapeLeft UIInterfaceOrientationLandscapeRight";
				INFOPLIST_KEY_UISupportedInterfaceOrientations_iPhone = "UIInterfaceOrientationPortrait UIInterfaceOrientationLandscapeLeft UIInterfaceOrientationLandscapeRight";
				LD_RUNPATH_SEARCH_PATHS = (
					"$(inherited)",
					"@executable_path/Frameworks",
				);
				MARKETING_VERSION = 1.0;
				PRODUCT_BUNDLE_IDENTIFIER = com.fre.BucketList;
				PRODUCT_NAME = "$(TARGET_NAME)";
				SWIFT_EMIT_LOC_STRINGS = YES;
				SWIFT_VERSION = 5.0;
				TARGETED_DEVICE_FAMILY = "1,2";
			};
			name = Debug;
		};
		0CFE236529159B760024B07F /* Release */ = {
			isa = XCBuildConfiguration;
			buildSettings = {
				ASSETCATALOG_COMPILER_APPICON_NAME = AppIcon;
				ASSETCATALOG_COMPILER_GLOBAL_ACCENT_COLOR_NAME = AccentColor;
				CODE_SIGN_STYLE = Automatic;
				CURRENT_PROJECT_VERSION = 1;
				DEVELOPMENT_ASSET_PATHS = "\"BucketList/Preview Content\"";
				ENABLE_PREVIEWS = YES;
				GENERATE_INFOPLIST_FILE = YES;
				INFOPLIST_KEY_NSFaceIDUsageDescription = "We need to unlock your data.";
				INFOPLIST_KEY_UIApplicationSceneManifest_Generation = YES;
				INFOPLIST_KEY_UIApplicationSupportsIndirectInputEvents = YES;
				INFOPLIST_KEY_UILaunchScreen_Generation = YES;
				INFOPLIST_KEY_UISupportedInterfaceOrientations_iPad = "UIInterfaceOrientationPortrait UIInterfaceOrientationPortraitUpsideDown UIInterfaceOrientationLandscapeLeft UIInterfaceOrientationLandscapeRight";
				INFOPLIST_KEY_UISupportedInterfaceOrientations_iPhone = "UIInterfaceOrientationPortrait UIInterfaceOrientationLandscapeLeft UIInterfaceOrientationLandscapeRight";
				LD_RUNPATH_SEARCH_PATHS = (
					"$(inherited)",
					"@executable_path/Frameworks",
				);
				MARKETING_VERSION = 1.0;
				PRODUCT_BUNDLE_IDENTIFIER = com.fre.BucketList;
				PRODUCT_NAME = "$(TARGET_NAME)";
				SWIFT_EMIT_LOC_STRINGS = YES;
				SWIFT_VERSION = 5.0;
				TARGETED_DEVICE_FAMILY = "1,2";
			};
			name = Release;
		};
/* End XCBuildConfiguration section */

/* Begin XCConfigurationList section */
		0CFE235029159B740024B07F /* Build configuration list for PBXProject "BucketList" */ = {
			isa = XCConfigurationList;
			buildConfigurations = (
				0CFE236129159B760024B07F /* Debug */,
				0CFE236229159B760024B07F /* Release */,
			);
			defaultConfigurationIsVisible = 0;
			defaultConfigurationName = Release;
		};
		0CFE236329159B760024B07F /* Build configuration list for PBXNativeTarget "BucketList" */ = {
			isa = XCConfigurationList;
			buildConfigurations = (
				0CFE236429159B760024B07F /* Debug */,
				0CFE236529159B760024B07F /* Release */,
			);
			defaultConfigurationIsVisible = 0;
			defaultConfigurationName = Release;
		};
/* End XCConfigurationList section */
	};
	rootObject = 0CFE234D29159B740024B07F /* Project object */;
}
