// !$*UTF8*$!
{
	archiveVersion = 1;
	classes = {
	};
	objectVersion = 56;
	objects = {

/* Begin PBXBuildFile section */
		0C64D864292D31310019B42E /* SnowSeekerApp.swift in Sources */ = {isa = PBXBuildFile; fileRef = 0C64D863292D31310019B42E /* SnowSeekerApp.swift */; };
		0C64D866292D31310019B42E /* ContentView.swift in Sources */ = {isa = PBXBuildFile; fileRef = 0C64D865292D31310019B42E /* ContentView.swift */; };
		0C64D868292D31340019B42E /* Assets.xcassets in Resources */ = {isa = PBXBuildFile; fileRef = 0C64D867292D31340019B42E /* Assets.xcassets */; };
		0C64D86B292D31340019B42E /* Preview Assets.xcassets in Resources */ = {isa = PBXBuildFile; fileRef = 0C64D86A292D31340019B42E /* Preview Assets.xcassets */; };
		0C64D872292D46C50019B42E /* resorts.json in Resources */ = {isa = PBXBuildFile; fileRef = 0C64D871292D46C50019B42E /* resorts.json */; };
		0C64D874292D4D630019B42E /* Resort.swift in Sources */ = {isa = PBXBuildFile; fileRef = 0C64D873292D4D630019B42E /* Resort.swift */; };
		0C64D876292D4EB60019B42E /* Bundle-Decodable.swift in Sources */ = {isa = PBXBuildFile; fileRef = 0C64D875292D4EB60019B42E /* Bundle-Decodable.swift */; };
		0C64D87A292D575F0019B42E /* WelcomeView.swift in Sources */ = {isa = PBXBuildFile; fileRef = 0C64D879292D575F0019B42E /* WelcomeView.swift */; };
		0C64D87C292D5A2C0019B42E /* ResortView.swift in Sources */ = {isa = PBXBuildFile; fileRef = 0C64D87B292D5A2C0019B42E /* ResortView.swift */; };
		0C64D87E292D5B480019B42E /* SkyDetailsView.swift in Sources */ = {isa = PBXBuildFile; fileRef = 0C64D87D292D5B480019B42E /* SkyDetailsView.swift */; };
		0C64D881292D5C4E0019B42E /* ResortDetailsView.swift in Sources */ = {isa = PBXBuildFile; fileRef = 0C64D880292D5C4E0019B42E /* ResortDetailsView.swift */; };
		0C64D883292D65BF0019B42E /* Facility.swift in Sources */ = {isa = PBXBuildFile; fileRef = 0C64D882292D65BF0019B42E /* Facility.swift */; };
		0C64D885292D69370019B42E /* Favorites.swift in Sources */ = {isa = PBXBuildFile; fileRef = 0C64D884292D69370019B42E /* Favorites.swift */; };
/* End PBXBuildFile section */

/* Begin PBXFileReference section */
		0C64D860292D31310019B42E /* SnowSeeker.app */ = {isa = PBXFileReference; explicitFileType = wrapper.application; includeInIndex = 0; path = SnowSeeker.app; sourceTree = BUILT_PRODUCTS_DIR; };
		0C64D863292D31310019B42E /* SnowSeekerApp.swift */ = {isa = PBXFileReference; lastKnownFileType = sourcecode.swift; path = SnowSeekerApp.swift; sourceTree = "<group>"; };
		0C64D865292D31310019B42E /* ContentView.swift */ = {isa = PBXFileReference; lastKnownFileType = sourcecode.swift; path = ContentView.swift; sourceTree = "<group>"; };
		0C64D867292D31340019B42E /* Assets.xcassets */ = {isa = PBXFileReference; lastKnownFileType = folder.assetcatalog; path = Assets.xcassets; sourceTree = "<group>"; };
		0C64D86A292D31340019B42E /* Preview Assets.xcassets */ = {isa = PBXFileReference; lastKnownFileType = folder.assetcatalog; path = "Preview Assets.xcassets"; sourceTree = "<group>"; };
		0C64D871292D46C50019B42E /* resorts.json */ = {isa = PBXFileReference; fileEncoding = 4; lastKnownFileType = text.json; path = resorts.json; sourceTree = "<group>"; };
		0C64D873292D4D630019B42E /* Resort.swift */ = {isa = PBXFileReference; lastKnownFileType = sourcecode.swift; path = Resort.swift; sourceTree = "<group>"; };
		0C64D875292D4EB60019B42E /* Bundle-Decodable.swift */ = {isa = PBXFileReference; lastKnownFileType = sourcecode.swift; path = "Bundle-Decodable.swift"; sourceTree = "<group>"; };
		0C64D879292D575F0019B42E /* WelcomeView.swift */ = {isa = PBXFileReference; lastKnownFileType = sourcecode.swift; path = WelcomeView.swift; sourceTree = "<group>"; };
		0C64D87B292D5A2C0019B42E /* ResortView.swift */ = {isa = PBXFileReference; lastKnownFileType = sourcecode.swift; path = ResortView.swift; sourceTree = "<group>"; };
		0C64D87D292D5B480019B42E /* SkyDetailsView.swift */ = {isa = PBXFileReference; lastKnownFileType = sourcecode.swift; path = SkyDetailsView.swift; sourceTree = "<group>"; };
		0C64D880292D5C4E0019B42E /* ResortDetailsView.swift */ = {isa = PBXFileReference; lastKnownFileType = sourcecode.swift; path = ResortDetailsView.swift; sourceTree = "<group>"; };
		0C64D882292D65BF0019B42E /* Facility.swift */ = {isa = PBXFileReference; lastKnownFileType = sourcecode.swift; path = Facility.swift; sourceTree = "<group>"; };
		0C64D884292D69370019B42E /* Favorites.swift */ = {isa = PBXFileReference; lastKnownFileType = sourcecode.swift; path = Favorites.swift; sourceTree = "<group>"; };
/* End PBXFileReference section */

/* Begin PBXFrameworksBuildPhase section */
		0C64D85D292D31310019B42E /* Frameworks */ = {
			isa = PBXFrameworksBuildPhase;
			buildActionMask = 2147483647;
			files = (
			);
			runOnlyForDeploymentPostprocessing = 0;
		};
/* End PBXFrameworksBuildPhase section */

/* Begin PBXGroup section */
		0C64D857292D31310019B42E = {
			isa = PBXGroup;
			children = (
				0C64D862292D31310019B42E /* SnowSeeker */,
				0C64D861292D31310019B42E /* Products */,
			);
			sourceTree = "<group>";
		};
		0C64D861292D31310019B42E /* Products */ = {
			isa = PBXGroup;
			children = (
				0C64D860292D31310019B42E /* SnowSeeker.app */,
			);
			name = Products;
			sourceTree = "<group>";
		};
		0C64D862292D31310019B42E /* SnowSeeker */ = {
			isa = PBXGroup;
			children = (
				0C64D863292D31310019B42E /* SnowSeekerApp.swift */,
				0C64D87F292D5C280019B42E /* Views */,
				0C64D878292D4FFF0019B42E /* Model */,
				0C64D877292D4FEF0019B42E /* Extensions */,
				0C64D867292D31340019B42E /* Assets.xcassets */,
				0C64D871292D46C50019B42E /* resorts.json */,
				0C64D869292D31340019B42E /* Preview Content */,
			);
			path = SnowSeeker;
			sourceTree = "<group>";
		};
		0C64D869292D31340019B42E /* Preview Content */ = {
			isa = PBXGroup;
			children = (
				0C64D86A292D31340019B42E /* Preview Assets.xcassets */,
			);
			path = "Preview Content";
			sourceTree = "<group>";
		};
		0C64D877292D4FEF0019B42E /* Extensions */ = {
			isa = PBXGroup;
			children = (
				0C64D875292D4EB60019B42E /* Bundle-Decodable.swift */,
			);
			path = Extensions;
			sourceTree = "<group>";
		};
		0C64D878292D4FFF0019B42E /* Model */ = {
			isa = PBXGroup;
			children = (
				0C64D873292D4D630019B42E /* Resort.swift */,
			);
			path = Model;
			sourceTree = "<group>";
		};
		0C64D87F292D5C280019B42E /* Views */ = {
			isa = PBXGroup;
			children = (
				0C64D865292D31310019B42E /* ContentView.swift */,
				0C64D879292D575F0019B42E /* WelcomeView.swift */,
				0C64D87D292D5B480019B42E /* SkyDetailsView.swift */,
				0C64D87B292D5A2C0019B42E /* ResortView.swift */,
				0C64D880292D5C4E0019B42E /* ResortDetailsView.swift */,
				0C64D882292D65BF0019B42E /* Facility.swift */,
				0C64D884292D69370019B42E /* Favorites.swift */,
			);
			path = Views;
			sourceTree = "<group>";
		};
/* End PBXGroup section */

/* Begin PBXNativeTarget section */
		0C64D85F292D31310019B42E /* SnowSeeker */ = {
			isa = PBXNativeTarget;
			buildConfigurationList = 0C64D86E292D31340019B42E /* Build configuration list for PBXNativeTarget "SnowSeeker" */;
			buildPhases = (
				0C64D85C292D31310019B42E /* Sources */,
				0C64D85D292D31310019B42E /* Frameworks */,
				0C64D85E292D31310019B42E /* Resources */,
			);
			buildRules = (
			);
			dependencies = (
			);
			name = SnowSeeker;
			productName = SnowSeeker;
			productReference = 0C64D860292D31310019B42E /* SnowSeeker.app */;
			productType = "com.apple.product-type.application";
		};
/* End PBXNativeTarget section */

/* Begin PBXProject section */
		0C64D858292D31310019B42E /* Project object */ = {
			isa = PBXProject;
			attributes = {
				BuildIndependentTargetsInParallel = 1;
				LastSwiftUpdateCheck = 1410;
				LastUpgradeCheck = 1410;
				TargetAttributes = {
					0C64D85F292D31310019B42E = {
						CreatedOnToolsVersion = 14.1;
					};
				};
			};
			buildConfigurationList = 0C64D85B292D31310019B42E /* Build configuration list for PBXProject "SnowSeeker" */;
			compatibilityVersion = "Xcode 14.0";
			developmentRegion = en;
			hasScannedForEncodings = 0;
			knownRegions = (
				en,
				Base,
			);
			mainGroup = 0C64D857292D31310019B42E;
			productRefGroup = 0C64D861292D31310019B42E /* Products */;
			projectDirPath = "";
			projectRoot = "";
			targets = (
				0C64D85F292D31310019B42E /* SnowSeeker */,
			);
		};
/* End PBXProject section */

/* Begin PBXResourcesBuildPhase section */
		0C64D85E292D31310019B42E /* Resources */ = {
			isa = PBXResourcesBuildPhase;
			buildActionMask = 2147483647;
			files = (
				0C64D872292D46C50019B42E /* resorts.json in Resources */,
				0C64D86B292D31340019B42E /* Preview Assets.xcassets in Resources */,
				0C64D868292D31340019B42E /* Assets.xcassets in Resources */,
			);
			runOnlyForDeploymentPostprocessing = 0;
		};
/* End PBXResourcesBuildPhase section */

/* Begin PBXSourcesBuildPhase section */
		0C64D85C292D31310019B42E /* Sources */ = {
			isa = PBXSourcesBuildPhase;
			buildActionMask = 2147483647;
			files = (
				0C64D87A292D575F0019B42E /* WelcomeView.swift in Sources */,
				0C64D866292D31310019B42E /* ContentView.swift in Sources */,
				0C64D881292D5C4E0019B42E /* ResortDetailsView.swift in Sources */,
				0C64D885292D69370019B42E /* Favorites.swift in Sources */,
				0C64D883292D65BF0019B42E /* Facility.swift in Sources */,
				0C64D874292D4D630019B42E /* Resort.swift in Sources */,
				0C64D87C292D5A2C0019B42E /* ResortView.swift in Sources */,
				0C64D87E292D5B480019B42E /* SkyDetailsView.swift in Sources */,
				0C64D864292D31310019B42E /* SnowSeekerApp.swift in Sources */,
				0C64D876292D4EB60019B42E /* Bundle-Decodable.swift in Sources */,
			);
			runOnlyForDeploymentPostprocessing = 0;
		};
/* End PBXSourcesBuildPhase section */

/* Begin XCBuildConfiguration section */
		0C64D86C292D31340019B42E /* Debug */ = {
			isa = XCBuildConfiguration;
			buildSettings = {
				ALWAYS_SEARCH_USER_PATHS = NO;
				CLANG_ANALYZER_NONNULL = YES;
				CLANG_ANALYZER_NUMBER_OBJECT_CONVERSION = YES_AGGRESSIVE;
				CLANG_CXX_LANGUAGE_STANDARD = "gnu++20";
				CLANG_ENABLE_MODULES = YES;
				CLANG_ENABLE_OBJC_ARC = YES;
				CLANG_ENABLE_OBJC_WEAK = YES;
				CLANG_WARN_BLOCK_CAPTURE_AUTORELEASING = YES;
				CLANG_WARN_BOOL_CONVERSION = YES;
				CLANG_WARN_COMMA = YES;
				CLANG_WARN_CONSTANT_CONVERSION = YES;
				CLANG_WARN_DEPRECATED_OBJC_IMPLEMENTATIONS = YES;
				CLANG_WARN_DIRECT_OBJC_ISA_USAGE = YES_ERROR;
				CLANG_WARN_DOCUMENTATION_COMMENTS = YES;
				CLANG_WARN_EMPTY_BODY = YES;
				CLANG_WARN_ENUM_CONVERSION = YES;
				CLANG_WARN_INFINITE_RECURSION = YES;
				CLANG_WARN_INT_CONVERSION = YES;
				CLANG_WARN_NON_LITERAL_NULL_CONVERSION = YES;
				CLANG_WARN_OBJC_IMPLICIT_RETAIN_SELF = YES;
				CLANG_WARN_OBJC_LITERAL_CONVERSION = YES;
				CLANG_WARN_OBJC_ROOT_CLASS = YES_ERROR;
				CLANG_WARN_QUOTED_INCLUDE_IN_FRAMEWORK_HEADER = YES;
				CLANG_WARN_RANGE_LOOP_ANALYSIS = YES;
				CLANG_WARN_STRICT_PROTOTYPES = YES;
				CLANG_WARN_SUSPICIOUS_MOVE = YES;
				CLANG_WARN_UNGUARDED_AVAILABILITY = YES_AGGRESSIVE;
				CLANG_WARN_UNREACHABLE_CODE = YES;
				CLANG_WARN__DUPLICATE_METHOD_MATCH = YES;
				COPY_PHASE_STRIP = NO;
				DEBUG_INFORMATION_FORMAT = dwarf;
				ENABLE_STRICT_OBJC_MSGSEND = YES;
				ENABLE_TESTABILITY = YES;
				GCC_C_LANGUAGE_STANDARD = gnu11;
				GCC_DYNAMIC_NO_PIC = NO;
				GCC_NO_COMMON_BLOCKS = YES;
				GCC_OPTIMIZATION_LEVEL = 0;
				GCC_PREPROCESSOR_DEFINITIONS = (
					"DEBUG=1",
					"$(inherited)",
				);
				GCC_WARN_64_TO_32_BIT_CONVERSION = YES;
				GCC_WARN_ABOUT_RETURN_TYPE = YES_ERROR;
				GCC_WARN_UNDECLARED_SELECTOR = YES;
				GCC_WARN_UNINITIALIZED_AUTOS = YES_AGGRESSIVE;
				GCC_WARN_UNUSED_FUNCTION = YES;
				GCC_WARN_UNUSED_VARIABLE = YES;
				IPHONEOS_DEPLOYMENT_TARGET = 16.1;
				MTL_ENABLE_DEBUG_INFO = INCLUDE_SOURCE;
				MTL_FAST_MATH = YES;
				ONLY_ACTIVE_ARCH = YES;
				SDKROOT = iphoneos;
				SWIFT_ACTIVE_COMPILATION_CONDITIONS = DEBUG;
				SWIFT_OPTIMIZATION_LEVEL = "-Onone";
			};
			name = Debug;
		};
		0C64D86D292D31340019B42E /* Release */ = {
			isa = XCBuildConfiguration;
			buildSettings = {
				ALWAYS_SEARCH_USER_PATHS = NO;
				CLANG_ANALYZER_NONNULL = YES;
				CLANG_ANALYZER_NUMBER_OBJECT_CONVERSION = YES_AGGRESSIVE;
				CLANG_CXX_LANGUAGE_STANDARD = "gnu++20";
				CLANG_ENABLE_MODULES = YES;
				CLANG_ENABLE_OBJC_ARC = YES;
				CLANG_ENABLE_OBJC_WEAK = YES;
				CLANG_WARN_BLOCK_CAPTURE_AUTORELEASING = YES;
				CLANG_WARN_BOOL_CONVERSION = YES;
				CLANG_WARN_COMMA = YES;
				CLANG_WARN_CONSTANT_CONVERSION = YES;
				CLANG_WARN_DEPRECATED_OBJC_IMPLEMENTATIONS = YES;
				CLANG_WARN_DIRECT_OBJC_ISA_USAGE = YES_ERROR;
				CLANG_WARN_DOCUMENTATION_COMMENTS = YES;
				CLANG_WARN_EMPTY_BODY = YES;
				CLANG_WARN_ENUM_CONVERSION = YES;
				CLANG_WARN_INFINITE_RECURSION = YES;
				CLANG_WARN_INT_CONVERSION = YES;
				CLANG_WARN_NON_LITERAL_NULL_CONVERSION = YES;
				CLANG_WARN_OBJC_IMPLICIT_RETAIN_SELF = YES;
				CLANG_WARN_OBJC_LITERAL_CONVERSION = YES;
				CLANG_WARN_OBJC_ROOT_CLASS = YES_ERROR;
				CLANG_WARN_QUOTED_INCLUDE_IN_FRAMEWORK_HEADER = YES;
				CLANG_WARN_RANGE_LOOP_ANALYSIS = YES;
				CLANG_WARN_STRICT_PROTOTYPES = YES;
				CLANG_WARN_SUSPICIOUS_MOVE = YES;
				CLANG_WARN_UNGUARDED_AVAILABILITY = YES_AGGRESSIVE;
				CLANG_WARN_UNREACHABLE_CODE = YES;
				CLANG_WARN__DUPLICATE_METHOD_MATCH = YES;
				COPY_PHASE_STRIP = NO;
				DEBUG_INFORMATION_FORMAT = "dwarf-with-dsym";
				ENABLE_NS_ASSERTIONS = NO;
				ENABLE_STRICT_OBJC_MSGSEND = YES;
				GCC_C_LANGUAGE_STANDARD = gnu11;
				GCC_NO_COMMON_BLOCKS = YES;
				GCC_WARN_64_TO_32_BIT_CONVERSION = YES;
				GCC_WARN_ABOUT_RETURN_TYPE = YES_ERROR;
				GCC_WARN_UNDECLARED_SELECTOR = YES;
				GCC_WARN_UNINITIALIZED_AUTOS = YES_AGGRESSIVE;
				GCC_WARN_UNUSED_FUNCTION = YES;
				GCC_WARN_UNUSED_VARIABLE = YES;
				IPHONEOS_DEPLOYMENT_TARGET = 16.1;
				MTL_ENABLE_DEBUG_INFO = NO;
				MTL_FAST_MATH = YES;
				SDKROOT = iphoneos;
				SWIFT_COMPILATION_MODE = wholemodule;
				SWIFT_OPTIMIZATION_LEVEL = "-O";
				VALIDATE_PRODUCT = YES;
			};
			name = Release;
		};
		0C64D86F292D31340019B42E /* Debug */ = {
			isa = XCBuildConfiguration;
			buildSettings = {
				ASSETCATALOG_COMPILER_APPICON_NAME = AppIcon;
				ASSETCATALOG_COMPILER_GLOBAL_ACCENT_COLOR_NAME = AccentColor;
				CODE_SIGN_STYLE = Automatic;
				CURRENT_PROJECT_VERSION = 1;
				DEVELOPMENT_ASSET_PATHS = "\"SnowSeeker/Preview Content\"";
				DEVELOPMENT_TEAM = T68CB4R9H5;
				ENABLE_PREVIEWS = YES;
				GENERATE_INFOPLIST_FILE = YES;
				INFOPLIST_KEY_UIApplicationSceneManifest_Generation = YES;
				INFOPLIST_KEY_UIApplicationSupportsIndirectInputEvents = YES;
				INFOPLIST_KEY_UILaunchScreen_Generation = YES;
				INFOPLIST_KEY_UISupportedInterfaceOrientations_iPad = "UIInterfaceOrientationPortrait UIInterfaceOrientationPortraitUpsideDown UIInterfaceOrientationLandscapeLeft UIInterfaceOrientationLandscapeRight";
				INFOPLIST_KEY_UISupportedInterfaceOrientations_iPhone = "UIInterfaceOrientationPortrait UIInterfaceOrientationLandscapeLeft UIInterfaceOrientationLandscapeRight";
				LD_RUNPATH_SEARCH_PATHS = (
					"$(inherited)",
					"@executable_path/Frameworks",
				);
				MARKETING_VERSION = 1.0;
				PRODUCT_BUNDLE_IDENTIFIER = com.fre.SnowSeeker;
				PRODUCT_NAME = "$(TARGET_NAME)";
				SWIFT_EMIT_LOC_STRINGS = YES;
				SWIFT_VERSION = 5.0;
				TARGETED_DEVICE_FAMILY = "1,2";
			};
			name = Debug;
		};
		0C64D870292D31340019B42E /* Release */ = {
			isa = XCBuildConfiguration;
			buildSettings = {
				ASSETCATALOG_COMPILER_APPICON_NAME = AppIcon;
				ASSETCATALOG_COMPILER_GLOBAL_ACCENT_COLOR_NAME = AccentColor;
				CODE_SIGN_STYLE = Automatic;
				CURRENT_PROJECT_VERSION = 1;
				DEVELOPMENT_ASSET_PATHS = "\"SnowSeeker/Preview Content\"";
				DEVELOPMENT_TEAM = T68CB4R9H5;
				ENABLE_PREVIEWS = YES;
				GENERATE_INFOPLIST_FILE = YES;
				INFOPLIST_KEY_UIApplicationSceneManifest_Generation = YES;
				INFOPLIST_KEY_UIApplicationSupportsIndirectInputEvents = YES;
				INFOPLIST_KEY_UILaunchScreen_Generation = YES;
				INFOPLIST_KEY_UISupportedInterfaceOrientations_iPad = "UIInterfaceOrientationPortrait UIInterfaceOrientationPortraitUpsideDown UIInterfaceOrientationLandscapeLeft UIInterfaceOrientationLandscapeRight";
				INFOPLIST_KEY_UISupportedInterfaceOrientations_iPhone = "UIInterfaceOrientationPortrait UIInterfaceOrientationLandscapeLeft UIInterfaceOrientationLandscapeRight";
				LD_RUNPATH_SEARCH_PATHS = (
					"$(inherited)",
					"@executable_path/Frameworks",
				);
				MARKETING_VERSION = 1.0;
				PRODUCT_BUNDLE_IDENTIFIER = com.fre.SnowSeeker;
				PRODUCT_NAME = "$(TARGET_NAME)";
				SWIFT_EMIT_LOC_STRINGS = YES;
				SWIFT_VERSION = 5.0;
				TARGETED_DEVICE_FAMILY = "1,2";
			};
			name = Release;
		};
/* End XCBuildConfiguration section */

/* Begin XCConfigurationList section */
		0C64D85B292D31310019B42E /* Build configuration list for PBXProject "SnowSeeker" */ = {
			isa = XCConfigurationList;
			buildConfigurations = (
				0C64D86C292D31340019B42E /* Debug */,
				0C64D86D292D31340019B42E /* Release */,
			);
			defaultConfigurationIsVisible = 0;
			defaultConfigurationName = Release;
		};
		0C64D86E292D31340019B42E /* Build configuration list for PBXNativeTarget "SnowSeeker" */ = {
			isa = XCConfigurationList;
			buildConfigurations = (
				0C64D86F292D31340019B42E /* Debug */,
				0C64D870292D31340019B42E /* Release */,
			);
			defaultConfigurationIsVisible = 0;
			defaultConfigurationName = Release;
		};
/* End XCConfigurationList section */
	};
	rootObject = 0C64D858292D31310019B42E /* Project object */;
}
